
Microsoft Visual Studio Solution File, Format Version 12.00
# Visual Studio 15
Project("{FAE04EC0-301F-11D3-BF4B-00C04F79EFBC}") = "Assembly-CSharp", "Assembly-CSharp.csproj", "{703BC391-6D1B-8E72-4AA4-BE57A07F5E93}"
EndProject
Project("{FAE04EC0-301F-11D3-BF4B-00C04F79EFBC}") = "NavMeshComponents", "NavMeshComponents.csproj", "{AD909BD3-C541-18D6-B4A4-D61E748186E2}"
EndProject
Project("{FAE04EC0-301F-11D3-BF4B-00C04F79EFBC}") = "NavMeshComponentsEditor", "NavMeshComponentsEditor.csproj", "{0B3B0A9E-FEE3-A914-81E4-E36837116484}"
EndProject
Global
	GlobalSection(SolutionConfigurationPlatforms) = preSolution
		Debug|Any CPU = Debug|Any CPU
		Release|Any CPU = Release|Any CPU
	EndGlobalSection
	GlobalSection(ProjectConfigurationPlatforms) = postSolution
		{703BC391-6D1B-8E72-4AA4-BE57A07F5E93}.Debug|Any CPU.ActiveCfg = Debug|Any CPU
		{703BC391-6D1B-8E72-4AA4-BE57A07F5E93}.Debug|Any CPU.Build.0 = Debug|Any CPU
		{703BC391-6D1B-8E72-4AA4-BE57A07F5E93}.Release|Any CPU.ActiveCfg = Release|Any CPU
		{703BC391-6D1B-8E72-4AA4-BE57A07F5E93}.Release|Any CPU.Build.0 = Release|Any CPU
		{AD909BD3-C541-18D6-B4A4-D61E748186E2}.Debug|Any CPU.ActiveCfg = Debug|Any CPU
		{AD909BD3-C541-18D6-B4A4-D61E748186E2}.Debug|Any CPU.Build.0 = Debug|Any CPU
		{AD909BD3-C541-18D6-B4A4-D61E748186E2}.Release|Any CPU.ActiveCfg = Release|Any CPU
		{AD909BD3-C541-18D6-B4A4-D61E748186E2}.Release|Any CPU.Build.0 = Release|Any CPU
		{0B3B0A9E-FEE3-A914-81E4-E36837116484}.Debug|Any CPU.ActiveCfg = Debug|Any CPU
		{0B3B0A9E-FEE3-A914-81E4-E36837116484}.Debug|Any CPU.Build.0 = Debug|Any CPU
		{0B3B0A9E-FEE3-A914-81E4-E36837116484}.Release|Any CPU.ActiveCfg = Release|Any CPU
		{0B3B0A9E-FEE3-A914-81E4-E36837116484}.Release|Any CPU.Build.0 = Release|Any CPU
	EndGlobalSection
	GlobalSection(SolutionProperties) = preSolution
		HideSolutionNode = FALSE
	EndGlobalSection
EndGlobal
